hash: ca6d4bcc7c046abfcbfc17b32a2b1ec0fcb9244b95f1019d7ac86c3c269e5c0a
updated: 2017-03-12T23:07:21.214646157+01:00
imports:
- name: github.com/bshuster-repo/logrus-logstash-hook
  version: 5f729f2fb50a301153cae84ff5c58981d51c095a
- name: github.com/gorilla/context
  version: 08b5f424b9271eedf6f9f0ce86cb9396ed337a42
- name: github.com/gorilla/mux
  version: 392c28fe23e1c45ddba891b0320b3b5df220beea
- name: github.com/meatballhat/negroni-logrus
  version: 7c570a907cfc69cdc004ad506c6f5e234815b936
- name: github.com/satori/go.uuid
  version: 879c5887cd475cd7864858769793b2ceb0d44feb
- name: github.com/Sirupsen/logrus
  version: 0208149b40d863d2c1a2f8fe5753096a9cf2cc8b
- name: github.com/urfave/negroni
  version: fde5e16d32adc7ad637e9cd9ad21d4ebc6192535
- name: golang.org/x/sys
  version: d75a52659825e75fff6158388dddc6a5b04f9ba5
  subpackages:
  - unix
- name: gopkg.in/mgo.v2
  version: 3f83fa5005286a7fe593b055f0d7771a7dce4655
  subpackages:
  - bson
  - internal/json
  - internal/sasl
  - internal/scram
- name: gopkg.in/urfave/cli.v1
  version: 0bdeddeeb0f650497d603c4ad7b20cfe685682f6
testImports: []
